{
  "requires": true,
  "lockfileVersion": 1,
  "dependencies": {
    "gcoord": {
      "version": "0.2.3",
      "resolved": "https://registry.npmjs.org/gcoord/-/gcoord-0.2.3.tgz",
      "integrity": "sha512-BxSlrzGzv/tNzkyTS3/wWTH/EL0dWFLGNAC2wNFPUrlJ5dm9qrzgE6G1kuT/hjkbzr68tlDimcw6wZ3YCwHWzg=="
    }
  }
}
